
Microsoft Visual Studio Solution File, Format Version 12.00
# Visual Studio 15
VisualStudioVersion = 15.0.28010.2048
MinimumVisualStudioVersion = 10.0.40219.1
Project("{FAE04EC0-301F-11D3-BF4B-00C04F79EFBC}") = "01_Value_Types", "01_Value_Types\01_Value_Types.csproj", "{1BC26911-7710-45E9-8374-32AB4B70CCCE}"
EndProject
Global
	GlobalSection(SolutionConfigurationPlatforms) = preSolution
		Debug|Any CPU = Debug|Any CPU
		Release|Any CPU = Release|Any CPU
	EndGlobalSection
	GlobalSection(ProjectConfigurationPlatforms) = postSolution
		{1BC26911-7710-45E9-8374-32AB4B70CCCE}.Debug|Any CPU.ActiveCfg = Debug|Any CPU
		{1BC26911-7710-45E9-8374-32AB4B70CCCE}.Debug|Any CPU.Build.0 = Debug|Any CPU
		{1BC26911-7710-45E9-8374-32AB4B70CCCE}.Release|Any CPU.ActiveCfg = Release|Any CPU
		{1BC26911-7710-45E9-8374-32AB4B70CCCE}.Release|Any CPU.Build.0 = Release|Any CPU
	EndGlobalSection
	GlobalSection(SolutionProperties) = preSolution
		HideSolutionNode = FALSE
	EndGlobalSection
	GlobalSection(ExtensibilityGlobals) = postSolution
		SolutionGuid = {2D69CABD-3607-4F62-AACA-534C97892B75}
	EndGlobalSection
EndGlobal
